lockfileVersion: "9.0"

settings:
  autoInstallPeers: true
  excludeLinksFromLockfile: false

importers:
  .:
    devDependencies:
      json-schema-to-typescript:
        specifier: ^15.0.4
        version: 15.0.4
      prettier:
        specifier: ^3.3.3
        version: 3.8.4
      typescript:
        specifier: ^5.6.3
        version: 5.9.3

  apps/desktop:
    dependencies:
      "@cw/schemas":
        specifier: workspace:*
        version: link:../../packages/schemas-ts
      "@cw/ui":
        specifier: workspace:*
        version: link:../../packages/ui
    devDependencies:
      "@types/node":
        specifier: ^22.9.0
        version: 22.19.21
      typescript:
        specifier: ^5.6.3
        version: 5.9.3

  packages/schemas-ts:
    devDependencies:
      typescript:
        specifier: ^5.6.3
        version: 5.9.3

  packages/ui:
    devDependencies:
      "@types/react":
        specifier: ^18.3.12
        version: 18.3.31
      "@types/react-dom":
        specifier: ^18.3.1
        version: 18.3.7(@types/react@18.3.31)
      react:
        specifier: ^18.3.1
        version: 18.3.1
      react-dom:
        specifier: ^18.3.1
        version: 18.3.1(react@18.3.1)
      typescript:
        specifier: ^5.6.3
        version: 5.9.3

packages:
  "@apidevtools/json-schema-ref-parser@11.9.3":
    resolution:
      {
        integrity: sha512-60vepv88RwcJtSHrD6MjIL6Ta3SOYbgfnkHb+ppAVK+o9mXprRtulx7VlRl3lN3bbvysAfCS7WMVfhUYemB0IQ==,
      }
    engines: { node: ">= 16" }

  "@jsdevtools/ono@7.1.3":
    resolution:
      {
        integrity: sha512-4JQNk+3mVzK3xh2rqd6RB4J46qUR19azEHBneZyTZM+c456qOrbbM/5xcR8huNCCcbVt7+UmizG6GuUvPvKUYg==,
      }

  "@types/json-schema@7.0.15":
    resolution:
      {
        integrity: sha512-5+fP8P8MFNC+AyZCDxrB2pkZFPGzqQWUzpSeuuVLvm8VMcorNYavBqoFcxK8bQz4Qsbn4oUEEem4wDLfcysGHA==,
      }

  "@types/lodash@4.17.24":
    resolution:
      {
        integrity: sha512-gIW7lQLZbue7lRSWEFql49QJJWThrTFFeIMJdp3eH4tKoxm1OvEPg02rm4wCCSHS0cL3/Fizimb35b7k8atwsQ==,
      }

  "@types/node@22.19.21":
    resolution:
      {
        integrity: sha512-VMeFBSCKQKmm2swI2kW51SFusDqekC6q9trBCvJ/JliDchFSuoYYKN7yVNjPthP1HKZcx3U1gI/wTcEBjEFKTA==,
      }

  "@types/prop-types@15.7.15":
    resolution:
      {
        integrity: sha512-F6bEyamV9jKGAFBEmlQnesRPGOQqS2+Uwi0Em15xenOxHaf2hv6L8YCVn3rPdPJOiJfPiCnLIRyvwVaqMY3MIw==,
      }

  "@types/react-dom@18.3.7":
    resolution:
      {
        integrity: sha512-MEe3UeoENYVFXzoXEWsvcpg6ZvlrFNlOQ7EOsvhI3CfAXwzPfO8Qwuxd40nepsYKqyyVQnTdEfv68q91yLcKrQ==,
      }
    peerDependencies:
      "@types/react": ^18.0.0

  "@types/react@18.3.31":
    resolution:
      {
        integrity: sha512-vfEqpXTvwT91yhmwdfouStN2hSKwTvyRs8qpLfADyrq/kxDw0hZM7Wk9Ug1FELj8hIby+S/+kQCSRFF32nv2Qw==,
      }

  argparse@2.0.1:
    resolution:
      {
        integrity: sha512-8+9WqebbFzpX9OR+Wa6O29asIogeRMzcGtAINdpMHHyAg10f05aSFVBbcEqGf/PXw1EjAZ+q2/bEBg3DvurK3Q==,
      }

  csstype@3.2.3:
    resolution:
      {
        integrity: sha512-z1HGKcYy2xA8AGQfwrn0PAy+PB7X/GSj3UVJW9qKyn43xWa+gl5nXmU4qqLMRzWVLFC8KusUX8T/0kCiOYpAIQ==,
      }

  fdir@6.5.0:
    resolution:
      {
        integrity: sha512-tIbYtZbucOs0BRGqPJkshJUYdL+SDH7dVM8gjy+ERp3WAUjLEFJE+02kanyHtwjWOnwrKYBiwAmM0p4kLJAnXg==,
      }
    engines: { node: ">=12.0.0" }
    peerDependencies:
      picomatch: ^3 || ^4
    peerDependenciesMeta:
      picomatch:
        optional: true

  is-extglob@2.1.1:
    resolution:
      {
        integrity: sha512-SbKbANkN603Vi4jEZv49LeVJMn4yGwsbzZworEoyEiutsN3nJYdbO36zfhGJ6QEDpOZIFkDtnq5JRxmvl3jsoQ==,
      }
    engines: { node: ">=0.10.0" }

  is-glob@4.0.3:
    resolution:
      {
        integrity: sha512-xelSayHH36ZgE7ZWhli7pW34hNbNl8Ojv5KVmkJD4hBdD3th8Tfk9vYasLM+mXWOZhFkgZfxhLSnrwRr4elSSg==,
      }
    engines: { node: ">=0.10.0" }

  js-tokens@4.0.0:
    resolution:
      {
        integrity: sha512-RdJUflcE3cUzKiMqQgsCu06FPu9UdIJO0beYbPhHN4k6apgJtifcoCtT9bcxOpYBtpD2kCM6Sbzg4CausW/PKQ==,
      }

  js-yaml@4.2.0:
    resolution:
      {
        integrity: sha512-ePWsvanv0DWuDRsW8dnt+R4jQ31SCRCQ7hhNcPXZPsoBZiemuZNYGf7adZdqX2D86j6rvKp3RpCxVTSb8WQlOw==,
      }
    hasBin: true

  json-schema-to-typescript@15.0.4:
    resolution:
      {
        integrity: sha512-Su9oK8DR4xCmDsLlyvadkXzX6+GGXJpbhwoLtOGArAG61dvbW4YQmSEno2y66ahpIdmLMg6YUf/QHLgiwvkrHQ==,
      }
    engines: { node: ">=16.0.0" }
    hasBin: true

  lodash@4.18.1:
    resolution:
      {
        integrity: sha512-dMInicTPVE8d1e5otfwmmjlxkZoUpiVLwyeTdUsi/Caj/gfzzblBcCE5sRHV/AsjuCmxWrte2TNGSYuCeCq+0Q==,
      }

  loose-envify@1.4.0:
    resolution:
      {
        integrity: sha512-lyuxPGr/Wfhrlem2CL/UcnUc1zcqKAImBDzukY7Y5F/yQiNdko6+fRLevlw1HgMySw7f611UIY408EtxRSoK3Q==,
      }
    hasBin: true

  minimist@1.2.8:
    resolution:
      {
        integrity: sha512-2yyAR8qBkN3YuheJanUpWC5U3bb5osDywNB8RzDVlDwDHbocAJveqqj1u8+SVD7jkWT4yvsHCpWqqWqAxb0zCA==,
      }

  picomatch@4.0.4:
    resolution:
      {
        integrity: sha512-QP88BAKvMam/3NxH6vj2o21R6MjxZUAd6nlwAS/pnGvN9IVLocLHxGYIzFhg6fUQ+5th6P4dv4eW9jX3DSIj7A==,
      }
    engines: { node: ">=12" }

  prettier@3.8.4:
    resolution:
      {
        integrity: sha512-N2MylSdi48+5N/6S5j+maeHbUSIzzZ5uOcX5Hm4QpV8Dkb1HFjfAKTKX6yNPJQD9AhcT3ifHNB66tWTTJDi11Q==,
      }
    engines: { node: ">=14" }
    hasBin: true

  react-dom@18.3.1:
    resolution:
      {
        integrity: sha512-5m4nQKp+rZRb09LNH59GM4BxTh9251/ylbKIbpe7TpGxfJ+9kv6BLkLBXIjjspbgbnIBNqlI23tRnTWT0snUIw==,
      }
    peerDependencies:
      react: ^18.3.1

  react@18.3.1:
    resolution:
      {
        integrity: sha512-wS+hAgJShR0KhEvPJArfuPVN1+Hz1t0Y6n5jLrGQbkb4urgPE/0Rve+1kMB1v/oWgHgm4WIcV+i7F2pTVj+2iQ==,
      }
    engines: { node: ">=0.10.0" }

  scheduler@0.23.2:
    resolution:
      {
        integrity: sha512-UOShsPwz7NrMUqhR6t0hWjFduvOzbtv7toDH1/hIrfRNIDBnnBWd0CwJTGvTpngVlmwGCdP9/Zl/tVrDqcuYzQ==,
      }

  tinyglobby@0.2.17:
    resolution:
      {
        integrity: sha512-wXR/dYpcqKmfWpEdZjiKJOwCNFndD0DMnrW/cYjVGttEkBfVgcLFHoNrlj47mjOVic9yyNu65alsgF4NQyTa2g==,
      }
    engines: { node: ">=12.0.0" }

  typescript@5.9.3:
    resolution:
      {
        integrity: sha512-jl1vZzPDinLr9eUt3J/t7V6FgNEw9QjvBPdysz9KfQDD41fQrC2Y4vKQdiaUpFT4bXlb1RHhLpp8wtm6M5TgSw==,
      }
    engines: { node: ">=14.17" }
    hasBin: true

  undici-types@6.21.0:
    resolution:
      {
        integrity: sha512-iwDZqg0QAGrg9Rav5H4n0M64c3mkR59cJ6wQp+7C4nI0gsmExaedaYLNO44eT4AtBBwjbTiGPMlt2Md0T9H9JQ==,
      }

snapshots:
  "@apidevtools/json-schema-ref-parser@11.9.3":
    dependencies:
      "@jsdevtools/ono": 7.1.3
      "@types/json-schema": 7.0.15
      js-yaml: 4.2.0

  "@jsdevtools/ono@7.1.3": {}

  "@types/json-schema@7.0.15": {}

  "@types/lodash@4.17.24": {}

  "@types/node@22.19.21":
    dependencies:
      undici-types: 6.21.0

  "@types/prop-types@15.7.15": {}

  "@types/react-dom@18.3.7(@types/react@18.3.31)":
    dependencies:
      "@types/react": 18.3.31

  "@types/react@18.3.31":
    dependencies:
      "@types/prop-types": 15.7.15
      csstype: 3.2.3

  argparse@2.0.1: {}

  csstype@3.2.3: {}

  fdir@6.5.0(picomatch@4.0.4):
    optionalDependencies:
      picomatch: 4.0.4

  is-extglob@2.1.1: {}

  is-glob@4.0.3:
    dependencies:
      is-extglob: 2.1.1

  js-tokens@4.0.0: {}

  js-yaml@4.2.0:
    dependencies:
      argparse: 2.0.1

  json-schema-to-typescript@15.0.4:
    dependencies:
      "@apidevtools/json-schema-ref-parser": 11.9.3
      "@types/json-schema": 7.0.15
      "@types/lodash": 4.17.24
      is-glob: 4.0.3
      js-yaml: 4.2.0
      lodash: 4.18.1
      minimist: 1.2.8
      prettier: 3.8.4
      tinyglobby: 0.2.17

  lodash@4.18.1: {}

  loose-envify@1.4.0:
    dependencies:
      js-tokens: 4.0.0

  minimist@1.2.8: {}

  picomatch@4.0.4: {}

  prettier@3.8.4: {}

  react-dom@18.3.1(react@18.3.1):
    dependencies:
      loose-envify: 1.4.0
      react: 18.3.1
      scheduler: 0.23.2

  react@18.3.1:
    dependencies:
      loose-envify: 1.4.0

  scheduler@0.23.2:
    dependencies:
      loose-envify: 1.4.0

  tinyglobby@0.2.17:
    dependencies:
      fdir: 6.5.0(picomatch@4.0.4)
      picomatch: 4.0.4

  typescript@5.9.3: {}

  undici-types@6.21.0: {}
